# generated by rye
# use `rye lock` or `rye sync` to update this lockfile
#
# last locked with the following flags:
#   pre: false
#   features: []
#   all-features: false
#   with-sources: false
#   generate-hashes: false
#   universal: false

-e file:.
beautifulsoup4==4.13.4
    # via ebook-extract
ebooklib==0.19
    # via ebook-extract
lxml==6.0.0
    # via ebooklib
pyyaml==6.0.2
    # via ebook-extract
six==1.17.0
    # via ebooklib
soupsieve==2.7
    # via beautifulsoup4
typing-extensions==4.14.1
    # via beautifulsoup4
